// !$*UTF8*$!
{
	archiveVersion = 1;
	classes = {
	};
	objectVersion = 60;
	objects = {

/* Begin PBXBuildFile section */
		38124A3E2C09224100064FF6 /* RealityKitContent in Frameworks */ = {isa = PBXBuildFile; productRef = 38124A3D2C09224100064FF6 /* RealityKitContent */; };
		38124A402C09224100064FF6 /* MuseumGuideApp.swift in Sources */ = {isa = PBXBuildFile; fileRef = 38124A3F2C09224100064FF6 /* MuseumGuideApp.swift */; };
		38124A442C09224100064FF6 /* ImmersiveView.swift in Sources */ = {isa = PBXBuildFile; fileRef = 38124A432C09224100064FF6 /* ImmersiveView.swift */; };
		38124A462C09224100064FF6 /* ImageBasedLighting.skybox in Resources */ = {isa = PBXBuildFile; fileRef = 38124A452C09224100064FF6 /* ImageBasedLighting.skybox */; };
		38124A482C09224300064FF6 /* Assets.xcassets in Resources */ = {isa = PBXBuildFile; fileRef = 38124A472C09224300064FF6 /* Assets.xcassets */; };
		38124A4B2C09224300064FF6 /* Preview Assets.xcassets in Resources */ = {isa = PBXBuildFile; fileRef = 38124A4A2C09224300064FF6 /* Preview Assets.xcassets */; };
		388455492C0C9D8400778E76 /* WelcomeView.swift in Sources */ = {isa = PBXBuildFile; fileRef = 388455482C0C9D8400778E76 /* WelcomeView.swift */; };
		3884554B2C0C9DA700778E76 /* CollectionsView.swift in Sources */ = {isa = PBXBuildFile; fileRef = 3884554A2C0C9DA700778E76 /* CollectionsView.swift */; };
		3884554D2C0CA26800778E76 /* CollectionItemView.swift in Sources */ = {isa = PBXBuildFile; fileRef = 3884554C2C0CA26800778E76 /* CollectionItemView.swift */; };
		388455512C0CA68200778E76 /* CollectionDetailView.swift in Sources */ = {isa = PBXBuildFile; fileRef = 388455502C0CA68200778E76 /* CollectionDetailView.swift */; };
		388455532C0CA6F200778E76 /* CollectionItem.swift in Sources */ = {isa = PBXBuildFile; fileRef = 388455522C0CA6F200778E76 /* CollectionItem.swift */; };
		38846EF32C19086100583B4C /* DragRotationModifier.swift in Sources */ = {isa = PBXBuildFile; fileRef = 38846EF22C19086100583B4C /* DragRotationModifier.swift */; };
		38E4A4BB2C1A5D1500EC2A6E /* CollectionsToggle.swift in Sources */ = {isa = PBXBuildFile; fileRef = 38E4A4BA2C1A5D1500EC2A6E /* CollectionsToggle.swift */; };
		38E4A4BD2C1A5D5500EC2A6E /* ImmersiveToggle.swift in Sources */ = {isa = PBXBuildFile; fileRef = 38E4A4BC2C1A5D5500EC2A6E /* ImmersiveToggle.swift */; };
		38E4A4BF2C1E387000EC2A6E /* AttachmentsProvider.swift in Sources */ = {isa = PBXBuildFile; fileRef = 38E4A4BE2C1E387000EC2A6E /* AttachmentsProvider.swift */; };
		38E4A4C12C1E389600EC2A6E /* Components.swift in Sources */ = {isa = PBXBuildFile; fileRef = 38E4A4C02C1E389600EC2A6E /* Components.swift */; };
		38E4A4C32C1E3FCA00EC2A6E /* LearnMoreView.swift in Sources */ = {isa = PBXBuildFile; fileRef = 38E4A4C22C1E3FCA00EC2A6E /* LearnMoreView.swift */; };
		38E4A4C52C1F97F300EC2A6E /* ColorExtension.swift in Sources */ = {isa = PBXBuildFile; fileRef = 38E4A4C42C1F97F300EC2A6E /* ColorExtension.swift */; };
		38E4A4C82C1FDBA100EC2A6E /* RealityKitContent in Frameworks */ = {isa = PBXBuildFile; productRef = 38E4A4C72C1FDBA100EC2A6E /* RealityKitContent */; };
		38EF40562C1125CC00527EC7 /* AppModel.swift in Sources */ = {isa = PBXBuildFile; fileRef = 38EF40552C1125CC00527EC7 /* AppModel.swift */; };
		38EF40582C1128DA00527EC7 /* CollectionVolumeView.swift in Sources */ = {isa = PBXBuildFile; fileRef = 38EF40572C1128DA00527EC7 /* CollectionVolumeView.swift */; };
/* End PBXBuildFile section */

/* Begin PBXFileReference section */
		38124A382C09224100064FF6 /* MuseumGuide.app */ = {isa = PBXFileReference; explicitFileType = wrapper.application; includeInIndex = 0; path = MuseumGuide.app; sourceTree = BUILT_PRODUCTS_DIR; };
		38124A3C2C09224100064FF6 /* RealityKitContent */ = {isa = PBXFileReference; lastKnownFileType = wrapper; path = RealityKitContent; sourceTree = "<group>"; };
		38124A3F2C09224100064FF6 /* MuseumGuideApp.swift */ = {isa = PBXFileReference; lastKnownFileType = sourcecode.swift; path = MuseumGuideApp.swift; sourceTree = "<group>"; };
		38124A432C09224100064FF6 /* ImmersiveView.swift */ = {isa = PBXFileReference; lastKnownFileType = sourcecode.swift; path = ImmersiveView.swift; sourceTree = "<group>"; };
		38124A452C09224100064FF6 /* ImageBasedLighting.skybox */ = {isa = PBXFileReference; lastKnownFileType = file.skybox; path = ImageBasedLighting.skybox; sourceTree = "<group>"; };
		38124A472C09224300064FF6 /* Assets.xcassets */ = {isa = PBXFileReference; lastKnownFileType = folder.assetcatalog; path = Assets.xcassets; sourceTree = "<group>"; };
		38124A4A2C09224300064FF6 /* Preview Assets.xcassets */ = {isa = PBXFileReference; lastKnownFileType = folder.assetcatalog; path = "Preview Assets.xcassets"; sourceTree = "<group>"; };
		38124A4C2C09224300064FF6 /* Info.plist */ = {isa = PBXFileReference; lastKnownFileType = text.plist.xml; path = Info.plist; sourceTree = "<group>"; };
		388455482C0C9D8400778E76 /* WelcomeView.swift */ = {isa = PBXFileReference; lastKnownFileType = sourcecode.swift; path = WelcomeView.swift; sourceTree = "<group>"; };
		3884554A2C0C9DA700778E76 /* CollectionsView.swift */ = {isa = PBXFileReference; lastKnownFileType = sourcecode.swift; path = CollectionsView.swift; sourceTree = "<group>"; };
		3884554C2C0CA26800778E76 /* CollectionItemView.swift */ = {isa = PBXFileReference; lastKnownFileType = sourcecode.swift; path = CollectionItemView.swift; sourceTree = "<group>"; };
		388455502C0CA68200778E76 /* CollectionDetailView.swift */ = {isa = PBXFileReference; lastKnownFileType = sourcecode.swift; path = CollectionDetailView.swift; sourceTree = "<group>"; };
		388455522C0CA6F200778E76 /* CollectionItem.swift */ = {isa = PBXFileReference; lastKnownFileType = sourcecode.swift; path = CollectionItem.swift; sourceTree = "<group>"; };
		38846EF22C19086100583B4C /* DragRotationModifier.swift */ = {isa = PBXFileReference; lastKnownFileType = sourcecode.swift; path = DragRotationModifier.swift; sourceTree = "<group>"; };
		38E4A4BA2C1A5D1500EC2A6E /* CollectionsToggle.swift */ = {isa = PBXFileReference; lastKnownFileType = sourcecode.swift; path = CollectionsToggle.swift; sourceTree = "<group>"; };
		38E4A4BC2C1A5D5500EC2A6E /* ImmersiveToggle.swift */ = {isa = PBXFileReference; lastKnownFileType = sourcecode.swift; path = ImmersiveToggle.swift; sourceTree = "<group>"; };
		38E4A4BE2C1E387000EC2A6E /* AttachmentsProvider.swift */ = {isa = PBXFileReference; lastKnownFileType = sourcecode.swift; path = AttachmentsProvider.swift; sourceTree = "<group>"; };
		38E4A4C02C1E389600EC2A6E /* Components.swift */ = {isa = PBXFileReference; lastKnownFileType = sourcecode.swift; path = Components.swift; sourceTree = "<group>"; };
		38E4A4C22C1E3FCA00EC2A6E /* LearnMoreView.swift */ = {isa = PBXFileReference; lastKnownFileType = sourcecode.swift; path = LearnMoreView.swift; sourceTree = "<group>"; };
		38E4A4C42C1F97F300EC2A6E /* ColorExtension.swift */ = {isa = PBXFileReference; lastKnownFileType = sourcecode.swift; path = ColorExtension.swift; sourceTree = "<group>"; };
		38EF40552C1125CC00527EC7 /* AppModel.swift */ = {isa = PBXFileReference; lastKnownFileType = sourcecode.swift; path = AppModel.swift; sourceTree = "<group>"; };
		38EF40572C1128DA00527EC7 /* CollectionVolumeView.swift */ = {isa = PBXFileReference; lastKnownFileType = sourcecode.swift; path = CollectionVolumeView.swift; sourceTree = "<group>"; };
/* End PBXFileReference section */

/* Begin PBXFrameworksBuildPhase section */
		38124A352C09224100064FF6 /* Frameworks */ = {
			isa = PBXFrameworksBuildPhase;
			buildActionMask = 2147483647;
			files = (
				38E4A4C82C1FDBA100EC2A6E /* RealityKitContent in Frameworks */,
				38124A3E2C09224100064FF6 /* RealityKitContent in Frameworks */,
			);
			runOnlyForDeploymentPostprocessing = 0;
		};
/* End PBXFrameworksBuildPhase section */

/* Begin PBXGroup section */
		38124A2F2C09224100064FF6 = {
			isa = PBXGroup;
			children = (
				38124A3A2C09224100064FF6 /* MuseumGuide */,
				38124A3B2C09224100064FF6 /* Packages */,
				38124A392C09224100064FF6 /* Products */,
			);
			sourceTree = "<group>";
		};
		38124A392C09224100064FF6 /* Products */ = {
			isa = PBXGroup;
			children = (
				38124A382C09224100064FF6 /* MuseumGuide.app */,
			);
			name = Products;
			sourceTree = "<group>";
		};
		38124A3A2C09224100064FF6 /* MuseumGuide */ = {
			isa = PBXGroup;
			children = (
				38EF40552C1125CC00527EC7 /* AppModel.swift */,
				38124A3F2C09224100064FF6 /* MuseumGuideApp.swift */,
				388455482C0C9D8400778E76 /* WelcomeView.swift */,
				38E4A4BA2C1A5D1500EC2A6E /* CollectionsToggle.swift */,
				38E4A4BC2C1A5D5500EC2A6E /* ImmersiveToggle.swift */,
				388455522C0CA6F200778E76 /* CollectionItem.swift */,
				3884554C2C0CA26800778E76 /* CollectionItemView.swift */,
				3884554A2C0C9DA700778E76 /* CollectionsView.swift */,
				388455502C0CA68200778E76 /* CollectionDetailView.swift */,
				38EF40572C1128DA00527EC7 /* CollectionVolumeView.swift */,
				38124A432C09224100064FF6 /* ImmersiveView.swift */,
				38E4A4C22C1E3FCA00EC2A6E /* LearnMoreView.swift */,
				38846EF42C19086700583B4C /* Utils */,
				38124A452C09224100064FF6 /* ImageBasedLighting.skybox */,
				38124A472C09224300064FF6 /* Assets.xcassets */,
				38124A4C2C09224300064FF6 /* Info.plist */,
				38124A492C09224300064FF6 /* Preview Content */,
			);
			path = MuseumGuide;
			sourceTree = "<group>";
		};
		38124A3B2C09224100064FF6 /* Packages */ = {
			isa = PBXGroup;
			children = (
				38124A3C2C09224100064FF6 /* RealityKitContent */,
			);
			path = Packages;
			sourceTree = "<group>";
		};
		38124A492C09224300064FF6 /* Preview Content */ = {
			isa = PBXGroup;
			children = (
				38124A4A2C09224300064FF6 /* Preview Assets.xcassets */,
			);
			path = "Preview Content";
			sourceTree = "<group>";
		};
		38846EF42C19086700583B4C /* Utils */ = {
			isa = PBXGroup;
			children = (
				38846EF22C19086100583B4C /* DragRotationModifier.swift */,
				38E4A4BE2C1E387000EC2A6E /* AttachmentsProvider.swift */,
				38E4A4C02C1E389600EC2A6E /* Components.swift */,
				38E4A4C42C1F97F300EC2A6E /* ColorExtension.swift */,
			);
			path = Utils;
			sourceTree = "<group>";
		};
/* End PBXGroup section */

/* Begin PBXNativeTarget section */
		38124A372C09224100064FF6 /* MuseumGuide */ = {
			isa = PBXNativeTarget;
			buildConfigurationList = 38124A4F2C09224300064FF6 /* Build configuration list for PBXNativeTarget "MuseumGuide" */;
			buildPhases = (
				38124A342C09224100064FF6 /* Sources */,
				38124A352C09224100064FF6 /* Frameworks */,
				38124A362C09224100064FF6 /* Resources */,
			);
			buildRules = (
			);
			dependencies = (
			);
			name = MuseumGuide;
			packageProductDependencies = (
				38124A3D2C09224100064FF6 /* RealityKitContent */,
				38E4A4C72C1FDBA100EC2A6E /* RealityKitContent */,
			);
			productName = MuseumGuide;
			productReference = 38124A382C09224100064FF6 /* MuseumGuide.app */;
			productType = "com.apple.product-type.application";
		};
/* End PBXNativeTarget section */

/* Begin PBXProject section */
		38124A302C09224100064FF6 /* Project object */ = {
			isa = PBXProject;
			attributes = {
				BuildIndependentTargetsInParallel = 1;
				LastSwiftUpdateCheck = 1540;
				LastUpgradeCheck = 1540;
				TargetAttributes = {
					38124A372C09224100064FF6 = {
						CreatedOnToolsVersion = 15.4;
					};
				};
			};
			buildConfigurationList = 38124A332C09224100064FF6 /* Build configuration list for PBXProject "MuseumGuide" */;
			compatibilityVersion = "Xcode 14.0";
			developmentRegion = en;
			hasScannedForEncodings = 0;
			knownRegions = (
				en,
				Base,
			);
			mainGroup = 38124A2F2C09224100064FF6;
			packageReferences = (
				38E4A4C62C1FDBA100EC2A6E /* XCLocalSwiftPackageReference "Packages/RealityKitContent" */,
			);
			productRefGroup = 38124A392C09224100064FF6 /* Products */;
			projectDirPath = "";
			projectRoot = "";
			targets = (
				38124A372C09224100064FF6 /* MuseumGuide */,
			);
		};
/* End PBXProject section */

/* Begin PBXResourcesBuildPhase section */
		38124A362C09224100064FF6 /* Resources */ = {
			isa = PBXResourcesBuildPhase;
			buildActionMask = 2147483647;
			files = (
				38124A482C09224300064FF6 /* Assets.xcassets in Resources */,
				38124A4B2C09224300064FF6 /* Preview Assets.xcassets in Resources */,
				38124A462C09224100064FF6 /* ImageBasedLighting.skybox in Resources */,
			);
			runOnlyForDeploymentPostprocessing = 0;
		};
/* End PBXResourcesBuildPhase section */

/* Begin PBXSourcesBuildPhase section */
		38124A342C09224100064FF6 /* Sources */ = {
			isa = PBXSourcesBuildPhase;
			buildActionMask = 2147483647;
			files = (
				38E4A4C32C1E3FCA00EC2A6E /* LearnMoreView.swift in Sources */,
				38E4A4C12C1E389600EC2A6E /* Components.swift in Sources */,
				38E4A4C52C1F97F300EC2A6E /* ColorExtension.swift in Sources */,
				38124A402C09224100064FF6 /* MuseumGuideApp.swift in Sources */,
				38E4A4BD2C1A5D5500EC2A6E /* ImmersiveToggle.swift in Sources */,
				38EF40562C1125CC00527EC7 /* AppModel.swift in Sources */,
				38E4A4BF2C1E387000EC2A6E /* AttachmentsProvider.swift in Sources */,
				3884554B2C0C9DA700778E76 /* CollectionsView.swift in Sources */,
				3884554D2C0CA26800778E76 /* CollectionItemView.swift in Sources */,
				38846EF32C19086100583B4C /* DragRotationModifier.swift in Sources */,
				38E4A4BB2C1A5D1500EC2A6E /* CollectionsToggle.swift in Sources */,
				38EF40582C1128DA00527EC7 /* CollectionVolumeView.swift in Sources */,
				38124A442C09224100064FF6 /* ImmersiveView.swift in Sources */,
				388455492C0C9D8400778E76 /* WelcomeView.swift in Sources */,
				388455512C0CA68200778E76 /* CollectionDetailView.swift in Sources */,
				388455532C0CA6F200778E76 /* CollectionItem.swift in Sources */,
			);
			runOnlyForDeploymentPostprocessing = 0;
		};
/* End PBXSourcesBuildPhase section */

/* Begin XCBuildConfiguration section */
		38124A4D2C09224300064FF6 /* Debug */ = {
			isa = XCBuildConfiguration;
			buildSettings = {
				ALWAYS_SEARCH_USER_PATHS = NO;
				ASSETCATALOG_COMPILER_GENERATE_SWIFT_ASSET_SYMBOL_EXTENSIONS = YES;
				CLANG_ANALYZER_NONNULL = YES;
				CLANG_ANALYZER_NUMBER_OBJECT_CONVERSION = YES_AGGRESSIVE;
				CLANG_CXX_LANGUAGE_STANDARD = "gnu++20";
				CLANG_ENABLE_MODULES = YES;
				CLANG_ENABLE_OBJC_ARC = YES;
				CLANG_ENABLE_OBJC_WEAK = YES;
				CLANG_WARN_BLOCK_CAPTURE_AUTORELEASING = YES;
				CLANG_WARN_BOOL_CONVERSION = YES;
				CLANG_WARN_COMMA = YES;
				CLANG_WARN_CONSTANT_CONVERSION = YES;
				CLANG_WARN_DEPRECATED_OBJC_IMPLEMENTATIONS = YES;
				CLANG_WARN_DIRECT_OBJC_ISA_USAGE = YES_ERROR;
				CLANG_WARN_DOCUMENTATION_COMMENTS = YES;
				CLANG_WARN_EMPTY_BODY = YES;
				CLANG_WARN_ENUM_CONVERSION = YES;
				CLANG_WARN_INFINITE_RECURSION = YES;
				CLANG_WARN_INT_CONVERSION = YES;
				CLANG_WARN_NON_LITERAL_NULL_CONVERSION = YES;
				CLANG_WARN_OBJC_IMPLICIT_RETAIN_SELF = YES;
				CLANG_WARN_OBJC_LITERAL_CONVERSION = YES;
				CLANG_WARN_OBJC_ROOT_CLASS = YES_ERROR;
				CLANG_WARN_QUOTED_INCLUDE_IN_FRAMEWORK_HEADER = YES;
				CLANG_WARN_RANGE_LOOP_ANALYSIS = YES;
				CLANG_WARN_STRICT_PROTOTYPES = YES;
				CLANG_WARN_SUSPICIOUS_MOVE = YES;
				CLANG_WARN_UNGUARDED_AVAILABILITY = YES_AGGRESSIVE;
				CLANG_WARN_UNREACHABLE_CODE = YES;
				CLANG_WARN__DUPLICATE_METHOD_MATCH = YES;
				COPY_PHASE_STRIP = NO;
				DEBUG_INFORMATION_FORMAT = dwarf;
				ENABLE_STRICT_OBJC_MSGSEND = YES;
				ENABLE_TESTABILITY = YES;
				ENABLE_USER_SCRIPT_SANDBOXING = YES;
				GCC_C_LANGUAGE_STANDARD = gnu17;
				GCC_DYNAMIC_NO_PIC = NO;
				GCC_NO_COMMON_BLOCKS = YES;
				GCC_OPTIMIZATION_LEVEL = 0;
				GCC_PREPROCESSOR_DEFINITIONS = (
					"DEBUG=1",
					"$(inherited)",
				);
				GCC_WARN_64_TO_32_BIT_CONVERSION = YES;
				GCC_WARN_ABOUT_RETURN_TYPE = YES_ERROR;
				GCC_WARN_UNDECLARED_SELECTOR = YES;
				GCC_WARN_UNINITIALIZED_AUTOS = YES_AGGRESSIVE;
				GCC_WARN_UNUSED_FUNCTION = YES;
				GCC_WARN_UNUSED_VARIABLE = YES;
				LOCALIZATION_PREFERS_STRING_CATALOGS = YES;
				MTL_ENABLE_DEBUG_INFO = INCLUDE_SOURCE;
				MTL_FAST_MATH = YES;
				ONLY_ACTIVE_ARCH = YES;
				SDKROOT = xros;
				SWIFT_ACTIVE_COMPILATION_CONDITIONS = "DEBUG $(inherited)";
				SWIFT_OPTIMIZATION_LEVEL = "-Onone";
				XROS_DEPLOYMENT_TARGET = 1.2;
			};
			name = Debug;
		};
		38124A4E2C09224300064FF6 /* Release */ = {
			isa = XCBuildConfiguration;
			buildSettings = {
				ALWAYS_SEARCH_USER_PATHS = NO;
				ASSETCATALOG_COMPILER_GENERATE_SWIFT_ASSET_SYMBOL_EXTENSIONS = YES;
				CLANG_ANALYZER_NONNULL = YES;
				CLANG_ANALYZER_NUMBER_OBJECT_CONVERSION = YES_AGGRESSIVE;
				CLANG_CXX_LANGUAGE_STANDARD = "gnu++20";
				CLANG_ENABLE_MODULES = YES;
				CLANG_ENABLE_OBJC_ARC = YES;
				CLANG_ENABLE_OBJC_WEAK = YES;
				CLANG_WARN_BLOCK_CAPTURE_AUTORELEASING = YES;
				CLANG_WARN_BOOL_CONVERSION = YES;
				CLANG_WARN_COMMA = YES;
				CLANG_WARN_CONSTANT_CONVERSION = YES;
				CLANG_WARN_DEPRECATED_OBJC_IMPLEMENTATIONS = YES;
				CLANG_WARN_DIRECT_OBJC_ISA_USAGE = YES_ERROR;
				CLANG_WARN_DOCUMENTATION_COMMENTS = YES;
				CLANG_WARN_EMPTY_BODY = YES;
				CLANG_WARN_ENUM_CONVERSION = YES;
				CLANG_WARN_INFINITE_RECURSION = YES;
				CLANG_WARN_INT_CONVERSION = YES;
				CLANG_WARN_NON_LITERAL_NULL_CONVERSION = YES;
				CLANG_WARN_OBJC_IMPLICIT_RETAIN_SELF = YES;
				CLANG_WARN_OBJC_LITERAL_CONVERSION = YES;
				CLANG_WARN_OBJC_ROOT_CLASS = YES_ERROR;
				CLANG_WARN_QUOTED_INCLUDE_IN_FRAMEWORK_HEADER = YES;
				CLANG_WARN_RANGE_LOOP_ANALYSIS = YES;
				CLANG_WARN_STRICT_PROTOTYPES = YES;
				CLANG_WARN_SUSPICIOUS_MOVE = YES;
				CLANG_WARN_UNGUARDED_AVAILABILITY = YES_AGGRESSIVE;
				CLANG_WARN_UNREACHABLE_CODE = YES;
				CLANG_WARN__DUPLICATE_METHOD_MATCH = YES;
				COPY_PHASE_STRIP = NO;
				DEBUG_INFORMATION_FORMAT = "dwarf-with-dsym";
				ENABLE_NS_ASSERTIONS = NO;
				ENABLE_STRICT_OBJC_MSGSEND = YES;
				ENABLE_USER_SCRIPT_SANDBOXING = YES;
				GCC_C_LANGUAGE_STANDARD = gnu17;
				GCC_NO_COMMON_BLOCKS = YES;
				GCC_WARN_64_TO_32_BIT_CONVERSION = YES;
				GCC_WARN_ABOUT_RETURN_TYPE = YES_ERROR;
				GCC_WARN_UNDECLARED_SELECTOR = YES;
				GCC_WARN_UNINITIALIZED_AUTOS = YES_AGGRESSIVE;
				GCC_WARN_UNUSED_FUNCTION = YES;
				GCC_WARN_UNUSED_VARIABLE = YES;
				LOCALIZATION_PREFERS_STRING_CATALOGS = YES;
				MTL_ENABLE_DEBUG_INFO = NO;
				MTL_FAST_MATH = YES;
				SDKROOT = xros;
				SWIFT_COMPILATION_MODE = wholemodule;
				VALIDATE_PRODUCT = YES;
				XROS_DEPLOYMENT_TARGET = 1.2;
			};
			name = Release;
		};
		38124A502C09224300064FF6 /* Debug */ = {
			isa = XCBuildConfiguration;
			buildSettings = {
				ASSETCATALOG_COMPILER_APPICON_NAME = AppIcon;
				ASSETCATALOG_COMPILER_GLOBAL_ACCENT_COLOR_NAME = AccentColor;
				CODE_SIGN_STYLE = Automatic;
				CURRENT_PROJECT_VERSION = 1;
				DEVELOPMENT_ASSET_PATHS = "\"MuseumGuide/Preview Content\"";
				DEVELOPMENT_TEAM = NAPDF773HN;
				ENABLE_PREVIEWS = YES;
				GENERATE_INFOPLIST_FILE = YES;
				INFOPLIST_FILE = "$(TARGET_NAME)/Info.plist";
				LD_RUNPATH_SEARCH_PATHS = (
					"$(inherited)",
					"@executable_path/Frameworks",
				);
				MARKETING_VERSION = 1.0;
				PRODUCT_BUNDLE_IDENTIFIER = com.th.MuseumGuide;
				PRODUCT_NAME = "$(TARGET_NAME)";
				SUPPORTED_PLATFORMS = "xros xrsimulator";
				SWIFT_EMIT_LOC_STRINGS = YES;
				SWIFT_VERSION = 5.0;
				TARGETED_DEVICE_FAMILY = "1,2,7";
			};
			name = Debug;
		};
		38124A512C09224300064FF6 /* Release */ = {
			isa = XCBuildConfiguration;
			buildSettings = {
				ASSETCATALOG_COMPILER_APPICON_NAME = AppIcon;
				ASSETCATALOG_COMPILER_GLOBAL_ACCENT_COLOR_NAME = AccentColor;
				CODE_SIGN_STYLE = Automatic;
				CURRENT_PROJECT_VERSION = 1;
				DEVELOPMENT_ASSET_PATHS = "\"MuseumGuide/Preview Content\"";
				DEVELOPMENT_TEAM = NAPDF773HN;
				ENABLE_PREVIEWS = YES;
				GENERATE_INFOPLIST_FILE = YES;
				INFOPLIST_FILE = "$(TARGET_NAME)/Info.plist";
				LD_RUNPATH_SEARCH_PATHS = (
					"$(inherited)",
					"@executable_path/Frameworks",
				);
				MARKETING_VERSION = 1.0;
				PRODUCT_BUNDLE_IDENTIFIER = com.th.MuseumGuide;
				PRODUCT_NAME = "$(TARGET_NAME)";
				SUPPORTED_PLATFORMS = "xros xrsimulator";
				SWIFT_EMIT_LOC_STRINGS = YES;
				SWIFT_VERSION = 5.0;
				TARGETED_DEVICE_FAMILY = "1,2,7";
			};
			name = Release;
		};
/* End XCBuildConfiguration section */

/* Begin XCConfigurationList section */
		38124A332C09224100064FF6 /* Build configuration list for PBXProject "MuseumGuide" */ = {
			isa = XCConfigurationList;
			buildConfigurations = (
				38124A4D2C09224300064FF6 /* Debug */,
				38124A4E2C09224300064FF6 /* Release */,
			);
			defaultConfigurationIsVisible = 0;
			defaultConfigurationName = Release;
		};
		38124A4F2C09224300064FF6 /* Build configuration list for PBXNativeTarget "MuseumGuide" */ = {
			isa = XCConfigurationList;
			buildConfigurations = (
				38124A502C09224300064FF6 /* Debug */,
				38124A512C09224300064FF6 /* Release */,
			);
			defaultConfigurationIsVisible = 0;
			defaultConfigurationName = Release;
		};
/* End XCConfigurationList section */

/* Begin XCLocalSwiftPackageReference section */
		38E4A4C62C1FDBA100EC2A6E /* XCLocalSwiftPackageReference "Packages/RealityKitContent" */ = {
			isa = XCLocalSwiftPackageReference;
			relativePath = Packages/RealityKitContent;
		};
/* End XCLocalSwiftPackageReference section */

/* Begin XCSwiftPackageProductDependency section */
		38124A3D2C09224100064FF6 /* RealityKitContent */ = {
			isa = XCSwiftPackageProductDependency;
			productName = RealityKitContent;
		};
		38E4A4C72C1FDBA100EC2A6E /* RealityKitContent */ = {
			isa = XCSwiftPackageProductDependency;
			productName = RealityKitContent;
		};
/* End XCSwiftPackageProductDependency section */
	};
	rootObject = 38124A302C09224100064FF6 /* Project object */;
}
